
Microsoft Visual Studio Solution File, Format Version 12.00
# Visual Studio Version 17
VisualStudioVersion = 17.11.35312.102
MinimumVisualStudioVersion = 10.0.40219.1
Project("{9A19103F-16F7-4668-BE54-9A1E7A4F7556}") = "ClassBoxData", "ClassBoxData\ClassBoxData.csproj", "{F77CA497-EDBF-4952-B564-68616E1A8683}"
EndProject
Project("{9A19103F-16F7-4668-BE54-9A1E7A4F7556}") = "AnimalFarm", "AnimalFarm\AnimalFarm.csproj", "{1850C489-A0E4-41B6-8E23-4AB87B439060}"
EndProject
Project("{9A19103F-16F7-4668-BE54-9A1E7A4F7556}") = "ShoppingSpree", "ShoppingSpree\ShoppingSpree.csproj", "{F2ECD0E8-EF5A-4C23-80BD-5E3EBBE6DC8D}"
EndProject
Project("{9A19103F-16F7-4668-BE54-9A1E7A4F7556}") = "PizzaCalories", "PizzaCalories\PizzaCalories.csproj", "{9DA9E468-7897-4EBA-82B9-160FBB52D1F4}"
EndProject
Project("{FAE04EC0-301F-11D3-BF4B-00C04F79EFBC}") = "FootballTeamGenerator", "FootballTeamGenerator\FootballTeamGenerator.csproj", "{6F2E2FE1-CEC7-4821-BB23-CB4E3DA9A6A0}"
EndProject
Global
	GlobalSection(SolutionConfigurationPlatforms) = preSolution
		Debug|Any CPU = Debug|Any CPU
		Release|Any CPU = Release|Any CPU
	EndGlobalSection
	GlobalSection(ProjectConfigurationPlatforms) = postSolution
		{F77CA497-EDBF-4952-B564-68616E1A8683}.Debug|Any CPU.ActiveCfg = Debug|Any CPU
		{F77CA497-EDBF-4952-B564-68616E1A8683}.Debug|Any CPU.Build.0 = Debug|Any CPU
		{F77CA497-EDBF-4952-B564-68616E1A8683}.Release|Any CPU.ActiveCfg = Release|Any CPU
		{F77CA497-EDBF-4952-B564-68616E1A8683}.Release|Any CPU.Build.0 = Release|Any CPU
		{1850C489-A0E4-41B6-8E23-4AB87B439060}.Debug|Any CPU.ActiveCfg = Debug|Any CPU
		{1850C489-A0E4-41B6-8E23-4AB87B439060}.Debug|Any CPU.Build.0 = Debug|Any CPU
		{1850C489-A0E4-41B6-8E23-4AB87B439060}.Release|Any CPU.ActiveCfg = Release|Any CPU
		{1850C489-A0E4-41B6-8E23-4AB87B439060}.Release|Any CPU.Build.0 = Release|Any CPU
		{F2ECD0E8-EF5A-4C23-80BD-5E3EBBE6DC8D}.Debug|Any CPU.ActiveCfg = Debug|Any CPU
		{F2ECD0E8-EF5A-4C23-80BD-5E3EBBE6DC8D}.Debug|Any CPU.Build.0 = Debug|Any CPU
		{F2ECD0E8-EF5A-4C23-80BD-5E3EBBE6DC8D}.Release|Any CPU.ActiveCfg = Release|Any CPU
		{F2ECD0E8-EF5A-4C23-80BD-5E3EBBE6DC8D}.Release|Any CPU.Build.0 = Release|Any CPU
		{9DA9E468-7897-4EBA-82B9-160FBB52D1F4}.Debug|Any CPU.ActiveCfg = Debug|Any CPU
		{9DA9E468-7897-4EBA-82B9-160FBB52D1F4}.Debug|Any CPU.Build.0 = Debug|Any CPU
		{9DA9E468-7897-4EBA-82B9-160FBB52D1F4}.Release|Any CPU.ActiveCfg = Release|Any CPU
		{9DA9E468-7897-4EBA-82B9-160FBB52D1F4}.Release|Any CPU.Build.0 = Release|Any CPU
		{6F2E2FE1-CEC7-4821-BB23-CB4E3DA9A6A0}.Debug|Any CPU.ActiveCfg = Debug|Any CPU
		{6F2E2FE1-CEC7-4821-BB23-CB4E3DA9A6A0}.Debug|Any CPU.Build.0 = Debug|Any CPU
		{6F2E2FE1-CEC7-4821-BB23-CB4E3DA9A6A0}.Release|Any CPU.ActiveCfg = Release|Any CPU
		{6F2E2FE1-CEC7-4821-BB23-CB4E3DA9A6A0}.Release|Any CPU.Build.0 = Release|Any CPU
	EndGlobalSection
	GlobalSection(SolutionProperties) = preSolution
		HideSolutionNode = FALSE
	EndGlobalSection
	GlobalSection(ExtensibilityGlobals) = postSolution
		SolutionGuid = {D184D89C-E913-455C-BCFF-9420FA5FBF5F}
	EndGlobalSection
EndGlobal
